
Microsoft Visual Studio Solution File, Format Version 12.00
# Visual Studio 14
VisualStudioVersion = 14.0.25420.1
MinimumVisualStudioVersion = 10.0.40219.1
Project("{2150E333-8FDC-42A3-9474-1A3956D46DE8}") = "src", "src", "{FF0E5E85-7D50-410F-B83E-D553CAAE1EFC}"
EndProject
Project("{2150E333-8FDC-42A3-9474-1A3956D46DE8}") = "Solution Items", "Solution Items", "{B05AF0B6-F685-4304-880D-524F91F9FF7B}"
	ProjectSection(SolutionItems) = preProject
		global.json = global.json
	EndProjectSection
EndProject
Project("{8BB2217D-0F2D-49D1-97BC-3654ED321F3B}") = "SecurityDemo", "src\SecurityDemo\SecurityDemo.xproj", "{D4890186-3CF7-4BB3-B048-EA90531595FE}"
EndProject
Global
	GlobalSection(SolutionConfigurationPlatforms) = preSolution
		Debug|Any CPU = Debug|Any CPU
		Release|Any CPU = Release|Any CPU
	EndGlobalSection
	GlobalSection(ProjectConfigurationPlatforms) = postSolution
		{D4890186-3CF7-4BB3-B048-EA90531595FE}.Debug|Any CPU.ActiveCfg = Debug|Any CPU
		{D4890186-3CF7-4BB3-B048-EA90531595FE}.Debug|Any CPU.Build.0 = Debug|Any CPU
		{D4890186-3CF7-4BB3-B048-EA90531595FE}.Release|Any CPU.ActiveCfg = Release|Any CPU
		{D4890186-3CF7-4BB3-B048-EA90531595FE}.Release|Any CPU.Build.0 = Release|Any CPU
	EndGlobalSection
	GlobalSection(SolutionProperties) = preSolution
		HideSolutionNode = FALSE
	EndGlobalSection
	GlobalSection(NestedProjects) = preSolution
		{D4890186-3CF7-4BB3-B048-EA90531595FE} = {FF0E5E85-7D50-410F-B83E-D553CAAE1EFC}
	EndGlobalSection
EndGlobal
